
Microsoft Visual Studio Solution File, Format Version 12.00
# Visual Studio Version 17
VisualStudioVersion = 17.1.32228.430
MinimumVisualStudioVersion = 10.0.40219.1
Project("{FAE04EC0-301F-11D3-BF4B-00C04F79EFBC}") = "NoteBag", "NoteBag\NoteBag.csproj", "{D0F69E22-BC05-41BE-B25D-65C24555CBBC}"
EndProject
Global
	GlobalSection(SolutionConfigurationPlatforms) = preSolution
		Debug|Any CPU = Debug|Any CPU
		Release|Any CPU = Release|Any CPU
	EndGlobalSection
	GlobalSection(ProjectConfigurationPlatforms) = postSolution
		{D0F69E22-BC05-41BE-B25D-65C24555CBBC}.Debug|Any CPU.ActiveCfg = Debug|Any CPU
		{D0F69E22-BC05-41BE-B25D-65C24555CBBC}.Debug|Any CPU.Build.0 = Debug|Any CPU
		{D0F69E22-BC05-41BE-B25D-65C24555CBBC}.Release|Any CPU.ActiveCfg = Release|Any CPU
		{D0F69E22-BC05-41BE-B25D-65C24555CBBC}.Release|Any CPU.Build.0 = Release|Any CPU
	EndGlobalSection
	GlobalSection(SolutionProperties) = preSolution
		HideSolutionNode = FALSE
	EndGlobalSection
	GlobalSection(ExtensibilityGlobals) = postSolution
		SolutionGuid = {D5386E7F-139A-4D05-8C39-A78BE0F27F9D}
	EndGlobalSection
EndGlobal
